// !$*UTF8*$!
{
	archiveVersion = 1;
	classes = {
	};
	objectVersion = 46;
	objects = {

/* Begin PBXBuildFile section */
		2020CE6118F17A5600F92142 /* HomeViewController.m in Sources */ = {isa = PBXBuildFile; fileRef = 2020CE6018F17A5600F92142 /* HomeViewController.m */; };
		2020CE6418F17C0200F92142 /* WelcomeViewController.m in Sources */ = {isa = PBXBuildFile; fileRef = 2020CE6318F17C0200F92142 /* WelcomeViewController.m */; };
		2023DE0718F061670042B78B /* RoundedRect.m in Sources */ = {isa = PBXBuildFile; fileRef = 2023DE0618F061670042B78B /* RoundedRect.m */; };
		203916B818EEEB8B00E87B8C /* Foundation.framework in Frameworks */ = {isa = PBXBuildFile; fileRef = 203916B718EEEB8B00E87B8C /* Foundation.framework */; };
		203916BA18EEEB8B00E87B8C /* CoreGraphics.framework in Frameworks */ = {isa = PBXBuildFile; fileRef = 203916B918EEEB8B00E87B8C /* CoreGraphics.framework */; };
		203916BC18EEEB8B00E87B8C /* UIKit.framework in Frameworks */ = {isa = PBXBuildFile; fileRef = 203916BB18EEEB8B00E87B8C /* UIKit.framework */; };
		203916C218EEEB8B00E87B8C /* InfoPlist.strings in Resources */ = {isa = PBXBuildFile; fileRef = 203916C018EEEB8B00E87B8C /* InfoPlist.strings */; };
		203916C418EEEB8B00E87B8C /* main.m in Sources */ = {isa = PBXBuildFile; fileRef = 203916C318EEEB8B00E87B8C /* main.m */; };
		203916C818EEEB8B00E87B8C /* JoshBruceAppDelegate.m in Sources */ = {isa = PBXBuildFile; fileRef = 203916C718EEEB8B00E87B8C /* JoshBruceAppDelegate.m */; };
		203916CA18EEEB8B00E87B8C /* Images.xcassets in Resources */ = {isa = PBXBuildFile; fileRef = 203916C918EEEB8B00E87B8C /* Images.xcassets */; };
		203916D118EEEB8B00E87B8C /* XCTest.framework in Frameworks */ = {isa = PBXBuildFile; fileRef = 203916D018EEEB8B00E87B8C /* XCTest.framework */; };
		203916D218EEEB8B00E87B8C /* Foundation.framework in Frameworks */ = {isa = PBXBuildFile; fileRef = 203916B718EEEB8B00E87B8C /* Foundation.framework */; };
		203916D318EEEB8B00E87B8C /* UIKit.framework in Frameworks */ = {isa = PBXBuildFile; fileRef = 203916BB18EEEB8B00E87B8C /* UIKit.framework */; };
		203916DB18EEEB8B00E87B8C /* InfoPlist.strings in Resources */ = {isa = PBXBuildFile; fileRef = 203916D918EEEB8B00E87B8C /* InfoPlist.strings */; };
		203916DD18EEEB8B00E87B8C /* Josh_BruceTests.m in Sources */ = {isa = PBXBuildFile; fileRef = 203916DC18EEEB8B00E87B8C /* Josh_BruceTests.m */; };
		203916EA18EEECE100E87B8C /* iPhone.storyboard in Resources */ = {isa = PBXBuildFile; fileRef = 203916E918EEECE100E87B8C /* iPhone.storyboard */; };
		203916ED18EEED4E00E87B8C /* JoshBruceViewController.m in Sources */ = {isa = PBXBuildFile; fileRef = 203916EC18EEED4E00E87B8C /* JoshBruceViewController.m */; };
		2044D78B18EF3F4C008926D6 /* QuartzCore.framework in Frameworks */ = {isa = PBXBuildFile; fileRef = 2044D78A18EF3F4C008926D6 /* QuartzCore.framework */; };
/* End PBXBuildFile section */

/* Begin PBXContainerItemProxy section */
		203916D418EEEB8B00E87B8C /* PBXContainerItemProxy */ = {
			isa = PBXContainerItemProxy;
			containerPortal = 203916AC18EEEB8B00E87B8C /* Project object */;
			proxyType = 1;
			remoteGlobalIDString = 203916B318EEEB8B00E87B8C;
			remoteInfo = "Josh Bruce";
		};
/* End PBXContainerItemProxy section */

/* Begin PBXFileReference section */
		2020CE5F18F17A5600F92142 /* HomeViewController.h */ = {isa = PBXFileReference; fileEncoding = 4; lastKnownFileType = sourcecode.c.h; path = HomeViewController.h; sourceTree = "<group>"; };
		2020CE6018F17A5600F92142 /* HomeViewController.m */ = {isa = PBXFileReference; fileEncoding = 4; lastKnownFileType = sourcecode.c.objc; path = HomeViewController.m; sourceTree = "<group>"; };
		2020CE6218F17C0200F92142 /* WelcomeViewController.h */ = {isa = PBXFileReference; fileEncoding = 4; lastKnownFileType = sourcecode.c.h; path = WelcomeViewController.h; sourceTree = "<group>"; };
		2020CE6318F17C0200F92142 /* WelcomeViewController.m */ = {isa = PBXFileReference; fileEncoding = 4; lastKnownFileType = sourcecode.c.objc; path = WelcomeViewController.m; sourceTree = "<group>"; };
		2023DE0518F061660042B78B /* RoundedRect.h */ = {isa = PBXFileReference; fileEncoding = 4; lastKnownFileType = sourcecode.c.h; path = RoundedRect.h; sourceTree = "<group>"; };
		2023DE0618F061670042B78B /* RoundedRect.m */ = {isa = PBXFileReference; fileEncoding = 4; lastKnownFileType = sourcecode.c.objc; path = RoundedRect.m; sourceTree = "<group>"; };
		203916B418EEEB8B00E87B8C /* Josh Bruce.app */ = {isa = PBXFileReference; explicitFileType = wrapper.application; includeInIndex = 0; path = "Josh Bruce.app"; sourceTree = BUILT_PRODUCTS_DIR; };
		203916B718EEEB8B00E87B8C /* Foundation.framework */ = {isa = PBXFileReference; lastKnownFileType = wrapper.framework; name = Foundation.framework; path = System/Library/Frameworks/Foundation.framework; sourceTree = SDKROOT; };
		203916B918EEEB8B00E87B8C /* CoreGraphics.framework */ = {isa = PBXFileReference; lastKnownFileType = wrapper.framework; name = CoreGraphics.framework; path = System/Library/Frameworks/CoreGraphics.framework; sourceTree = SDKROOT; };
		203916BB18EEEB8B00E87B8C /* UIKit.framework */ = {isa = PBXFileReference; lastKnownFileType = wrapper.framework; name = UIKit.framework; path = System/Library/Frameworks/UIKit.framework; sourceTree = SDKROOT; };
		203916BF18EEEB8B00E87B8C /* Josh Bruce-Info.plist */ = {isa = PBXFileReference; lastKnownFileType = text.plist.xml; path = "Josh Bruce-Info.plist"; sourceTree = "<group>"; };
		203916C118EEEB8B00E87B8C /* en */ = {isa = PBXFileReference; lastKnownFileType = text.plist.strings; name = en; path = en.lproj/InfoPlist.strings; sourceTree = "<group>"; };
		203916C318EEEB8B00E87B8C /* main.m */ = {isa = PBXFileReference; lastKnownFileType = sourcecode.c.objc; path = main.m; sourceTree = "<group>"; };
		203916C518EEEB8B00E87B8C /* Josh Bruce-Prefix.pch */ = {isa = PBXFileReference; lastKnownFileType = sourcecode.c.h; path = "Josh Bruce-Prefix.pch"; sourceTree = "<group>"; };
		203916C618EEEB8B00E87B8C /* JoshBruceAppDelegate.h */ = {isa = PBXFileReference; lastKnownFileType = sourcecode.c.h; path = JoshBruceAppDelegate.h; sourceTree = "<group>"; };
		203916C718EEEB8B00E87B8C /* JoshBruceAppDelegate.m */ = {isa = PBXFileReference; lastKnownFileType = sourcecode.c.objc; path = JoshBruceAppDelegate.m; sourceTree = "<group>"; };
		203916C918EEEB8B00E87B8C /* Images.xcassets */ = {isa = PBXFileReference; lastKnownFileType = folder.assetcatalog; path = Images.xcassets; sourceTree = "<group>"; };
		203916CF18EEEB8B00E87B8C /* Josh BruceTests.xctest */ = {isa = PBXFileReference; explicitFileType = wrapper.cfbundle; includeInIndex = 0; path = "Josh BruceTests.xctest"; sourceTree = BUILT_PRODUCTS_DIR; };
		203916D018EEEB8B00E87B8C /* XCTest.framework */ = {isa = PBXFileReference; lastKnownFileType = wrapper.framework; name = XCTest.framework; path = Library/Frameworks/XCTest.framework; sourceTree = DEVELOPER_DIR; };
		203916D818EEEB8B00E87B8C /* Josh BruceTests-Info.plist */ = {isa = PBXFileReference; lastKnownFileType = text.plist.xml; path = "Josh BruceTests-Info.plist"; sourceTree = "<group>"; };
		203916DA18EEEB8B00E87B8C /* en */ = {isa = PBXFileReference; lastKnownFileType = text.plist.strings; name = en; path = en.lproj/InfoPlist.strings; sourceTree = "<group>"; };
		203916DC18EEEB8B00E87B8C /* Josh_BruceTests.m */ = {isa = PBXFileReference; lastKnownFileType = sourcecode.c.objc; path = Josh_BruceTests.m; sourceTree = "<group>"; };
		203916E918EEECE100E87B8C /* iPhone.storyboard */ = {isa = PBXFileReference; fileEncoding = 4; lastKnownFileType = file.storyboard; path = iPhone.storyboard; sourceTree = "<group>"; };
		203916EB18EEED4E00E87B8C /* JoshBruceViewController.h */ = {isa = PBXFileReference; fileEncoding = 4; lastKnownFileType = sourcecode.c.h; path = JoshBruceViewController.h; sourceTree = "<group>"; };
		203916EC18EEED4E00E87B8C /* JoshBruceViewController.m */ = {isa = PBXFileReference; fileEncoding = 4; lastKnownFileType = sourcecode.c.objc; path = JoshBruceViewController.m; sourceTree = "<group>"; };
		2044D78A18EF3F4C008926D6 /* QuartzCore.framework */ = {isa = PBXFileReference; lastKnownFileType = wrapper.framework; name = QuartzCore.framework; path = System/Library/Frameworks/QuartzCore.framework; sourceTree = SDKROOT; };
/* End PBXFileReference section */

/* Begin PBXFrameworksBuildPhase section */
		203916B118EEEB8B00E87B8C /* Frameworks */ = {
			isa = PBXFrameworksBuildPhase;
			buildActionMask = 2147483647;
			files = (
				2044D78B18EF3F4C008926D6 /* QuartzCore.framework in Frameworks */,
				203916BA18EEEB8B00E87B8C /* CoreGraphics.framework in Frameworks */,
				203916BC18EEEB8B00E87B8C /* UIKit.framework in Frameworks */,
				203916B818EEEB8B00E87B8C /* Foundation.framework in Frameworks */,
			);
			runOnlyForDeploymentPostprocessing = 0;
		};
		203916CC18EEEB8B00E87B8C /* Frameworks */ = {
			isa = PBXFrameworksBuildPhase;
			buildActionMask = 2147483647;
			files = (
				203916D118EEEB8B00E87B8C /* XCTest.framework in Frameworks */,
				203916D318EEEB8B00E87B8C /* UIKit.framework in Frameworks */,
				203916D218EEEB8B00E87B8C /* Foundation.framework in Frameworks */,
			);
			runOnlyForDeploymentPostprocessing = 0;
		};
/* End PBXFrameworksBuildPhase section */

/* Begin PBXGroup section */
		203916AB18EEEB8B00E87B8C = {
			isa = PBXGroup;
			children = (
				203916BD18EEEB8B00E87B8C /* Josh Bruce */,
				203916D618EEEB8B00E87B8C /* Josh BruceTests */,
				203916B618EEEB8B00E87B8C /* Frameworks */,
				203916B518EEEB8B00E87B8C /* Products */,
			);
			sourceTree = "<group>";
			usesTabs = 1;
		};
		203916B518EEEB8B00E87B8C /* Products */ = {
			isa = PBXGroup;
			children = (
				203916B418EEEB8B00E87B8C /* Josh Bruce.app */,
				203916CF18EEEB8B00E87B8C /* Josh BruceTests.xctest */,
			);
			name = Products;
			sourceTree = "<group>";
		};
		203916B618EEEB8B00E87B8C /* Frameworks */ = {
			isa = PBXGroup;
			children = (
				2044D78A18EF3F4C008926D6 /* QuartzCore.framework */,
				203916B718EEEB8B00E87B8C /* Foundation.framework */,
				203916B918EEEB8B00E87B8C /* CoreGraphics.framework */,
				203916BB18EEEB8B00E87B8C /* UIKit.framework */,
				203916D018EEEB8B00E87B8C /* XCTest.framework */,
			);
			name = Frameworks;
			sourceTree = "<group>";
		};
		203916BD18EEEB8B00E87B8C /* Josh Bruce */ = {
			isa = PBXGroup;
			children = (
				203916C918EEEB8B00E87B8C /* Images.xcassets */,
				203916E618EEECA100E87B8C /* Controller */,
				203916E718EEECA600E87B8C /* Model */,
				203916BE18EEEB8B00E87B8C /* Supporting Files */,
				203916E818EEECA900E87B8C /* View */,
			);
			path = "Josh Bruce";
			sourceTree = "<group>";
		};
		203916BE18EEEB8B00E87B8C /* Supporting Files */ = {
			isa = PBXGroup;
			children = (
				203916C618EEEB8B00E87B8C /* JoshBruceAppDelegate.h */,
				203916C718EEEB8B00E87B8C /* JoshBruceAppDelegate.m */,
				203916BF18EEEB8B00E87B8C /* Josh Bruce-Info.plist */,
				203916C018EEEB8B00E87B8C /* InfoPlist.strings */,
				203916C318EEEB8B00E87B8C /* main.m */,
				203916C518EEEB8B00E87B8C /* Josh Bruce-Prefix.pch */,
			);
			name = "Supporting Files";
			sourceTree = "<group>";
		};
		203916D618EEEB8B00E87B8C /* Josh BruceTests */ = {
			isa = PBXGroup;
			children = (
				203916DC18EEEB8B00E87B8C /* Josh_BruceTests.m */,
				203916D718EEEB8B00E87B8C /* Supporting Files */,
			);
			path = "Josh BruceTests";
			sourceTree = "<group>";
		};
		203916D718EEEB8B00E87B8C /* Supporting Files */ = {
			isa = PBXGroup;
			children = (
				203916D818EEEB8B00E87B8C /* Josh BruceTests-Info.plist */,
				203916D918EEEB8B00E87B8C /* InfoPlist.strings */,
			);
			name = "Supporting Files";
			sourceTree = "<group>";
		};
		203916E618EEECA100E87B8C /* Controller */ = {
			isa = PBXGroup;
			children = (
				2020CE5F18F17A5600F92142 /* HomeViewController.h */,
				2020CE6018F17A5600F92142 /* HomeViewController.m */,
				203916EB18EEED4E00E87B8C /* JoshBruceViewController.h */,
				203916EC18EEED4E00E87B8C /* JoshBruceViewController.m */,
				2020CE6218F17C0200F92142 /* WelcomeViewController.h */,
				2020CE6318F17C0200F92142 /* WelcomeViewController.m */,
			);
			path = Controller;
			sourceTree = "<group>";
		};
		203916E718EEECA600E87B8C /* Model */ = {
			isa = PBXGroup;
			children = (
			);
			path = Model;
			sourceTree = "<group>";
		};
		203916E818EEECA900E87B8C /* View */ = {
			isa = PBXGroup;
			children = (
				203916E918EEECE100E87B8C /* iPhone.storyboard */,
				2023DE0518F061660042B78B /* RoundedRect.h */,
				2023DE0618F061670042B78B /* RoundedRect.m */,
			);
			path = View;
			sourceTree = "<group>";
		};
/* End PBXGroup section */

/* Begin PBXNativeTarget section */
		203916B318EEEB8B00E87B8C /* Josh Bruce */ = {
			isa = PBXNativeTarget;
			buildConfigurationList = 203916E018EEEB8B00E87B8C /* Build configuration list for PBXNativeTarget "Josh Bruce" */;
			buildPhases = (
				203916B018EEEB8B00E87B8C /* Sources */,
				203916B118EEEB8B00E87B8C /* Frameworks */,
				203916B218EEEB8B00E87B8C /* Resources */,
			);
			buildRules = (
			);
			dependencies = (
			);
			name = "Josh Bruce";
			productName = "Josh Bruce";
			productReference = 203916B418EEEB8B00E87B8C /* Josh Bruce.app */;
			productType = "com.apple.product-type.application";
		};
		203916CE18EEEB8B00E87B8C /* Josh BruceTests */ = {
			isa = PBXNativeTarget;
			buildConfigurationList = 203916E318EEEB8B00E87B8C /* Build configuration list for PBXNativeTarget "Josh BruceTests" */;
			buildPhases = (
				203916CB18EEEB8B00E87B8C /* Sources */,
				203916CC18EEEB8B00E87B8C /* Frameworks */,
				203916CD18EEEB8B00E87B8C /* Resources */,
			);
			buildRules = (
			);
			dependencies = (
				203916D518EEEB8B00E87B8C /* PBXTargetDependency */,
			);
			name = "Josh BruceTests";
			productName = "Josh BruceTests";
			productReference = 203916CF18EEEB8B00E87B8C /* Josh BruceTests.xctest */;
			productType = "com.apple.product-type.bundle.unit-test";
		};
/* End PBXNativeTarget section */

/* Begin PBXProject section */
		203916AC18EEEB8B00E87B8C /* Project object */ = {
			isa = PBXProject;
			attributes = {
				CLASSPREFIX = JoshBruce;
				LastUpgradeCheck = 0510;
				ORGANIZATIONNAME = "Josh Bruce";
				TargetAttributes = {
					203916B318EEEB8B00E87B8C = {
						DevelopmentTeam = D4QBQF6Z9N;
					};
					203916CE18EEEB8B00E87B8C = {
						TestTargetID = 203916B318EEEB8B00E87B8C;
					};
				};
			};
			buildConfigurationList = 203916AF18EEEB8B00E87B8C /* Build configuration list for PBXProject "Josh Bruce" */;
			compatibilityVersion = "Xcode 3.2";
			developmentRegion = English;
			hasScannedForEncodings = 0;
			knownRegions = (
				en,
			);
			mainGroup = 203916AB18EEEB8B00E87B8C;
			productRefGroup = 203916B518EEEB8B00E87B8C /* Products */;
			projectDirPath = "";
			projectRoot = "";
			targets = (
				203916B318EEEB8B00E87B8C /* Josh Bruce */,
				203916CE18EEEB8B00E87B8C /* Josh BruceTests */,
			);
		};
/* End PBXProject section */

/* Begin PBXResourcesBuildPhase section */
		203916B218EEEB8B00E87B8C /* Resources */ = {
			isa = PBXResourcesBuildPhase;
			buildActionMask = 2147483647;
			files = (
				203916C218EEEB8B00E87B8C /* InfoPlist.strings in Resources */,
				203916EA18EEECE100E87B8C /* iPhone.storyboard in Resources */,
				203916CA18EEEB8B00E87B8C /* Images.xcassets in Resources */,
			);
			runOnlyForDeploymentPostprocessing = 0;
		};
		203916CD18EEEB8B00E87B8C /* Resources */ = {
			isa = PBXResourcesBuildPhase;
			buildActionMask = 2147483647;
			files = (
				203916DB18EEEB8B00E87B8C /* InfoPlist.strings in Resources */,
			);
			runOnlyForDeploymentPostprocessing = 0;
		};
/* End PBXResourcesBuildPhase section */

/* Begin PBXSourcesBuildPhase section */
		203916B018EEEB8B00E87B8C /* Sources */ = {
			isa = PBXSourcesBuildPhase;
			buildActionMask = 2147483647;
			files = (
				203916ED18EEED4E00E87B8C /* JoshBruceViewController.m in Sources */,
				203916C818EEEB8B00E87B8C /* JoshBruceAppDelegate.m in Sources */,
				203916C418EEEB8B00E87B8C /* main.m in Sources */,
				2020CE6118F17A5600F92142 /* HomeViewController.m in Sources */,
				2023DE0718F061670042B78B /* RoundedRect.m in Sources */,
				2020CE6418F17C0200F92142 /* WelcomeViewController.m in Sources */,
			);
			runOnlyForDeploymentPostprocessing = 0;
		};
		203916CB18EEEB8B00E87B8C /* Sources */ = {
			isa = PBXSourcesBuildPhase;
			buildActionMask = 2147483647;
			files = (
				203916DD18EEEB8B00E87B8C /* Josh_BruceTests.m in Sources */,
			);
			runOnlyForDeploymentPostprocessing = 0;
		};
/* End PBXSourcesBuildPhase section */

/* Begin PBXTargetDependency section */
		203916D518EEEB8B00E87B8C /* PBXTargetDependency */ = {
			isa = PBXTargetDependency;
			target = 203916B318EEEB8B00E87B8C /* Josh Bruce */;
			targetProxy = 203916D418EEEB8B00E87B8C /* PBXContainerItemProxy */;
		};
/* End PBXTargetDependency section */

/* Begin PBXVariantGroup section */
		203916C018EEEB8B00E87B8C /* InfoPlist.strings */ = {
			isa = PBXVariantGroup;
			children = (
				203916C118EEEB8B00E87B8C /* en */,
			);
			name = InfoPlist.strings;
			sourceTree = "<group>";
		};
		203916D918EEEB8B00E87B8C /* InfoPlist.strings */ = {
			isa = PBXVariantGroup;
			children = (
				203916DA18EEEB8B00E87B8C /* en */,
			);
			name = InfoPlist.strings;
			sourceTree = "<group>";
		};
/* End PBXVariantGroup section */

/* Begin XCBuildConfiguration section */
		203916DE18EEEB8B00E87B8C /* Debug */ = {
			isa = XCBuildConfiguration;
			buildSettings = {
				ALWAYS_SEARCH_USER_PATHS = NO;
				CLANG_CXX_LANGUAGE_STANDARD = "gnu++0x";
				CLANG_CXX_LIBRARY = "libc++";
				CLANG_ENABLE_MODULES = YES;
				CLANG_ENABLE_OBJC_ARC = YES;
				CLANG_WARN_BOOL_CONVERSION = YES;
				CLANG_WARN_CONSTANT_CONVERSION = YES;
				CLANG_WARN_DIRECT_OBJC_ISA_USAGE = YES_ERROR;
				CLANG_WARN_EMPTY_BODY = YES;
				CLANG_WARN_ENUM_CONVERSION = YES;
				CLANG_WARN_INT_CONVERSION = YES;
				CLANG_WARN_OBJC_ROOT_CLASS = YES_ERROR;
				CLANG_WARN__DUPLICATE_METHOD_MATCH = YES;
				"CODE_SIGN_IDENTITY[sdk=iphoneos*]" = "iPhone Developer";
				COPY_PHASE_STRIP = NO;
				GCC_C_LANGUAGE_STANDARD = gnu99;
				GCC_DYNAMIC_NO_PIC = NO;
				GCC_OPTIMIZATION_LEVEL = 0;
				GCC_PREPROCESSOR_DEFINITIONS = (
					"DEBUG=1",
					"$(inherited)",
				);
				GCC_SYMBOLS_PRIVATE_EXTERN = NO;
				GCC_WARN_64_TO_32_BIT_CONVERSION = YES;
				GCC_WARN_ABOUT_RETURN_TYPE = YES_ERROR;
				GCC_WARN_UNDECLARED_SELECTOR = YES;
				GCC_WARN_UNINITIALIZED_AUTOS = YES_AGGRESSIVE;
				GCC_WARN_UNUSED_FUNCTION = YES;
				GCC_WARN_UNUSED_VARIABLE = YES;
				IPHONEOS_DEPLOYMENT_TARGET = 7.1;
				ONLY_ACTIVE_ARCH = YES;
				SDKROOT = iphoneos;
			};
			name = Debug;
		};
		203916DF18EEEB8B00E87B8C /* Release */ = {
			isa = XCBuildConfiguration;
			buildSettings = {
				ALWAYS_SEARCH_USER_PATHS = NO;
				CLANG_CXX_LANGUAGE_STANDARD = "gnu++0x";
				CLANG_CXX_LIBRARY = "libc++";
				CLANG_ENABLE_MODULES = YES;
				CLANG_ENABLE_OBJC_ARC = YES;
				CLANG_WARN_BOOL_CONVERSION = YES;
				CLANG_WARN_CONSTANT_CONVERSION = YES;
				CLANG_WARN_DIRECT_OBJC_ISA_USAGE = YES_ERROR;
				CLANG_WARN_EMPTY_BODY = YES;
				CLANG_WARN_ENUM_CONVERSION = YES;
				CLANG_WARN_INT_CONVERSION = YES;
				CLANG_WARN_OBJC_ROOT_CLASS = YES_ERROR;
				CLANG_WARN__DUPLICATE_METHOD_MATCH = YES;
				"CODE_SIGN_IDENTITY[sdk=iphoneos*]" = "iPhone Developer";
				COPY_PHASE_STRIP = YES;
				ENABLE_NS_ASSERTIONS = NO;
				GCC_C_LANGUAGE_STANDARD = gnu99;
				GCC_WARN_64_TO_32_BIT_CONVERSION = YES;
				GCC_WARN_ABOUT_RETURN_TYPE = YES_ERROR;
				GCC_WARN_UNDECLARED_SELECTOR = YES;
				GCC_WARN_UNINITIALIZED_AUTOS = YES_AGGRESSIVE;
				GCC_WARN_UNUSED_FUNCTION = YES;
				GCC_WARN_UNUSED_VARIABLE = YES;
				IPHONEOS_DEPLOYMENT_TARGET = 7.1;
				SDKROOT = iphoneos;
				VALIDATE_PRODUCT = YES;
			};
			name = Release;
		};
		203916E118EEEB8B00E87B8C /* Debug */ = {
			isa = XCBuildConfiguration;
			buildSettings = {
				ASSETCATALOG_COMPILER_APPICON_NAME = AppIcon;
				ASSETCATALOG_COMPILER_LAUNCHIMAGE_NAME = LaunchImage;
				CODE_SIGN_IDENTITY = "iPhone Developer";
				GCC_PRECOMPILE_PREFIX_HEADER = YES;
				GCC_PREFIX_HEADER = "Josh Bruce/Josh Bruce-Prefix.pch";
				INFOPLIST_FILE = "Josh Bruce/Josh Bruce-Info.plist";
				PRODUCT_NAME = "$(TARGET_NAME)";
				WRAPPER_EXTENSION = app;
			};
			name = Debug;
		};
		203916E218EEEB8B00E87B8C /* Release */ = {
			isa = XCBuildConfiguration;
			buildSettings = {
				ASSETCATALOG_COMPILER_APPICON_NAME = AppIcon;
				ASSETCATALOG_COMPILER_LAUNCHIMAGE_NAME = LaunchImage;
				CODE_SIGN_IDENTITY = "iPhone Developer";
				GCC_PRECOMPILE_PREFIX_HEADER = YES;
				GCC_PREFIX_HEADER = "Josh Bruce/Josh Bruce-Prefix.pch";
				INFOPLIST_FILE = "Josh Bruce/Josh Bruce-Info.plist";
				PRODUCT_NAME = "$(TARGET_NAME)";
				WRAPPER_EXTENSION = app;
			};
			name = Release;
		};
		203916E418EEEB8B00E87B8C /* Debug */ = {
			isa = XCBuildConfiguration;
			buildSettings = {
				BUNDLE_LOADER = "$(BUILT_PRODUCTS_DIR)/Josh Bruce.app/Josh Bruce";
				FRAMEWORK_SEARCH_PATHS = (
					"$(SDKROOT)/Developer/Library/Frameworks",
					"$(inherited)",
					"$(DEVELOPER_FRAMEWORKS_DIR)",
				);
				GCC_PRECOMPILE_PREFIX_HEADER = YES;
				GCC_PREFIX_HEADER = "Josh Bruce/Josh Bruce-Prefix.pch";
				GCC_PREPROCESSOR_DEFINITIONS = (
					"DEBUG=1",
					"$(inherited)",
				);
				INFOPLIST_FILE = "Josh BruceTests/Josh BruceTests-Info.plist";
				PRODUCT_NAME = "$(TARGET_NAME)";
				TEST_HOST = "$(BUNDLE_LOADER)";
				WRAPPER_EXTENSION = xctest;
			};
			name = Debug;
		};
		203916E518EEEB8B00E87B8C /* Release */ = {
			isa = XCBuildConfiguration;
			buildSettings = {
				BUNDLE_LOADER = "$(BUILT_PRODUCTS_DIR)/Josh Bruce.app/Josh Bruce";
				FRAMEWORK_SEARCH_PATHS = (
					"$(SDKROOT)/Developer/Library/Frameworks",
					"$(inherited)",
					"$(DEVELOPER_FRAMEWORKS_DIR)",
				);
				GCC_PRECOMPILE_PREFIX_HEADER = YES;
				GCC_PREFIX_HEADER = "Josh Bruce/Josh Bruce-Prefix.pch";
				INFOPLIST_FILE = "Josh BruceTests/Josh BruceTests-Info.plist";
				PRODUCT_NAME = "$(TARGET_NAME)";
				TEST_HOST = "$(BUNDLE_LOADER)";
				WRAPPER_EXTENSION = xctest;
			};
			name = Release;
		};
/* End XCBuildConfiguration section */

/* Begin XCConfigurationList section */
		203916AF18EEEB8B00E87B8C /* Build configuration list for PBXProject "Josh Bruce" */ = {
			isa = XCConfigurationList;
			buildConfigurations = (
				203916DE18EEEB8B00E87B8C /* Debug */,
				203916DF18EEEB8B00E87B8C /* Release */,
			);
			defaultConfigurationIsVisible = 0;
			defaultConfigurationName = Release;
		};
		203916E018EEEB8B00E87B8C /* Build configuration list for PBXNativeTarget "Josh Bruce" */ = {
			isa = XCConfigurationList;
			buildConfigurations = (
				203916E118EEEB8B00E87B8C /* Debug */,
				203916E218EEEB8B00E87B8C /* Release */,
			);
			defaultConfigurationIsVisible = 0;
			defaultConfigurationName = Release;
		};
		203916E318EEEB8B00E87B8C /* Build configuration list for PBXNativeTarget "Josh BruceTests" */ = {
			isa = XCConfigurationList;
			buildConfigurations = (
				203916E418EEEB8B00E87B8C /* Debug */,
				203916E518EEEB8B00E87B8C /* Release */,
			);
			defaultConfigurationIsVisible = 0;
			defaultConfigurationName = Release;
		};
/* End XCConfigurationList section */
	};
	rootObject = 203916AC18EEEB8B00E87B8C /* Project object */;
}
